Microsoft Visual Studio Solution File, Format Version 12.00
# Visual Studio Version 18
VisualStudioVersion = 18.4.11620.152 stable
MinimumVisualStudioVersion = 10.0.40219.1
Project("{FAE04EC0-301F-11D3-BF4B-00C04F79EFBC}") = "ChatAppAI", "ChatAppAI\ChatAppAI.csproj", "{8F56AB3E-B1E9-614E-32FA-D43083000E60}"
EndProject
Project("{FAE04EC0-301F-11D3-BF4B-00C04F79EFBC}") = "ExtensionsAI", "ExtensionsAI\ExtensionsAI.csproj", "{70DCE40E-9D8F-D7B8-A62C-0BEB50435AAA}"
EndProject
Project("{FAE04EC0-301F-11D3-BF4B-00C04F79EFBC}") = "VectorDataAI", "VectorDataAI\VectorDataAI.csproj", "{7C44AEF0-89E7-F673-960A-4D0EB5CCE4D2}"
EndProject
Project("{FAE04EC0-301F-11D3-BF4B-00C04F79EFBC}") = "FunctionCallingAI", "FunctionCallingAI\FunctionCallingAI.csproj", "{FF0075CD-A44F-92FE-F36F-0FB9E140779A}"
EndProject
Global
	GlobalSection(SolutionConfigurationPlatforms) = preSolution
		Debug|Any CPU = Debug|Any CPU
		Release|Any CPU = Release|Any CPU
	EndGlobalSection
	GlobalSection(ProjectConfigurationPlatforms) = postSolution
		{8F56AB3E-B1E9-614E-32FA-D43083000E60}.Debug|Any CPU.ActiveCfg = Debug|Any CPU
		{8F56AB3E-B1E9-614E-32FA-D43083000E60}.Debug|Any CPU.Build.0 = Debug|Any CPU
		{8F56AB3E-B1E9-614E-32FA-D43083000E60}.Release|Any CPU.ActiveCfg = Release|Any CPU
		{8F56AB3E-B1E9-614E-32FA-D43083000E60}.Release|Any CPU.Build.0 = Release|Any CPU
		{70DCE40E-9D8F-D7B8-A62C-0BEB50435AAA}.Debug|Any CPU.ActiveCfg = Debug|Any CPU
		{70DCE40E-9D8F-D7B8-A62C-0BEB50435AAA}.Debug|Any CPU.Build.0 = Debug|Any CPU
		{70DCE40E-9D8F-D7B8-A62C-0BEB50435AAA}.Release|Any CPU.ActiveCfg = Release|Any CPU
		{70DCE40E-9D8F-D7B8-A62C-0BEB50435AAA}.Release|Any CPU.Build.0 = Release|Any CPU
		{7C44AEF0-89E7-F673-960A-4D0EB5CCE4D2}.Debug|Any CPU.ActiveCfg = Debug|Any CPU
		{7C44AEF0-89E7-F673-960A-4D0EB5CCE4D2}.Debug|Any CPU.Build.0 = Debug|Any CPU
		{7C44AEF0-89E7-F673-960A-4D0EB5CCE4D2}.Release|Any CPU.ActiveCfg = Release|Any CPU
		{7C44AEF0-89E7-F673-960A-4D0EB5CCE4D2}.Release|Any CPU.Build.0 = Release|Any CPU
		{FF0075CD-A44F-92FE-F36F-0FB9E140779A}.Debug|Any CPU.ActiveCfg = Debug|Any CPU
		{FF0075CD-A44F-92FE-F36F-0FB9E140779A}.Debug|Any CPU.Build.0 = Debug|Any CPU
		{FF0075CD-A44F-92FE-F36F-0FB9E140779A}.Release|Any CPU.ActiveCfg = Release|Any CPU
		{FF0075CD-A44F-92FE-F36F-0FB9E140779A}.Release|Any CPU.Build.0 = Release|Any CPU
	EndGlobalSection
	GlobalSection(SolutionProperties) = preSolution
		HideSolutionNode = FALSE
	EndGlobalSection
	GlobalSection(ExtensibilityGlobals) = postSolution
		SolutionGuid = {10C5954F-71FD-4592-80C2-147570EA8BA8}
	EndGlobalSection
EndGlobal
